( ;; -*- mode: lisp-data; -*-
(ace-window :ref "77115afc1b0b9f633084cf7479c767988106c196")
(annalist :ref "e1ef5dad75fa502d761f70d9ddf1aeb1c423f41d")
(anzu :ref "21cb5ab2295614372cb9f1a21429381e49a6255f")
(apheleia :ref "f1d36031fc162f541f77d4f6c6c0fd6197aba077")
(avy :ref "933d1f36cca0f71e4acb5fac707e9ae26c536264")
(beancount :ref "eb8b9b72a750b8d5db97dec909298162ae798e33")
(cape :ref "97641dcd1ebca1007badd26b2fb9269b86934c22")
(combobulate :source nil :host github :repo "mickeynp/combobulate" :ref "17c71802eed2df1a6b25199784806da6763fb90c")
(cond-let :ref "79a16e1f2428f0f79f03250b987bc79cd37a029e")
(consult :ref "b1c0443c033ec619f8dafb377d7bd992f081b293")
(corfu :ref "8367a5a97576ced9745ca0376799b9ab07a93781")
(csv-mode :ref "ba5dc934b9dbdc2b57ab1917a669cdfd7d1838d3")
(dape :ref "1a4d3ed5b7dd3b71607aa6afd93333c488db276d")
(dart-ts-mode :source nil :host github :repo "50ways2sayhard/dart-ts-mode" :ref "ab87873f25f7e0cc8d22daa2501aae141dbe98ad")
(dash :ref "af5ea5d8a13735fa27d2c3e6f756d065639a7b45")
(dashboard :ref "e5fc08e78223487aa0da12539be1a23356c09ec7")
(diff-hl :ref "7677f245374488f8e09b8800334fc1b1e3d27468")
(diredfl :ref "fe72d2e42ee18bf6228bba9d7086de4098f18a70")
(dirvish :source nil :host github :repo "deirn/dirvish" :ref "deirn" :unlock t :files (:defaults "extensions/*.el"))
(doom-modeline :ref "7182b612d97cd4b72d814f709abfd96bb8e62700")
(doom-themes :ref "3152c60bb55365ebd3b042a40aa68c9b756667f7")
(el-patch :ref "5adb7097d0ff3d9e004a8bb07c0b25f7ee20ba8a")
(elcord :ref "deeb22f84378b382f09e78f1718bc4c39a3582b8")
(elisp-def :ref "2451ed6594807448a24a63c51c917727713ed19d")
(elisp-demos :ref "1a108d1c5011f9ced58be2ca98bea1fbd4130a2f")
(elisp-refs :ref "541a064c3ce27867872cf708354a65d83baf2a6d")
(elpaca :source nil :repo "https://github.com/progfolio/elpaca.git" :ref "10e65441f34253254272aeacd300574b576894a2" :files (:defaults "elpaca-test.el" (:exclude "extensions")) :build (:not elpaca--activate-package))
(elpaca-use-package :ref "10e65441f34253254272aeacd300574b576894a2")
(embark :ref "1371a1e33e3a3d96557beb28dccf1fa762f6ae22")
(embark-consult :ref "1371a1e33e3a3d96557beb28dccf1fa762f6ae22")
(evil :ref "729d9a58b387704011a115c9200614e32da3cefc")
(evil-anzu :ref "7309650425797420944075c9c1556c7c1ff960b3")
(evil-collection :ref "bb5eb2ae1e77f87979571d4ad3357f38e932dfb5")
(evil-easymotion :ref "f96c2ed38ddc07908db7c3c11bcd6285a3e8c2e9")
(evil-mc :ref "7e363dd6b0a39751e13eb76f2e9b7b13c7054a43")
(evil-nerd-commenter :ref "ae52c5070a48793e2c24474c9c8dbf20175d18a0")
(evil-snipe :ref "16317d7e54313490a0fe8642ed9a1a72498e7ad2")
(evil-surround :ref "da05c60b0621cf33161bb4335153f75ff5c29d91")
(exec-path-from-shell :ref "4896a797252fbfdac32fb77508500ac7d220f717")
(f :ref "931b6d0667fe03e7bf1c6c282d6d8d7006143c52")
(fish-mode :ref "2526b1803b58cf145bc70ff6ce2adb3f6c246f89")
(flymake-bridge :source nil :host github :repo "eki3z/flymake-bridge" :ref "e387f43230da9c214be297b0e9393323a67e4b73")
(flymake-popon :ref "99ea813346f3edef7220d8f4faeed2ec69af6060")
(gcmh :ref "0089f9c3a6d4e9a310d0791cf6fa8f35642ecfd9")
(general :ref "a48768f85a655fe77b5f45c2880b420da1b1b9c3")
(git-modes :ref "7063d66857023e6c010cecac52de67c0baa77fb7")
(goto-chg :ref "72f556524b88e9d30dc7fc5b0dc32078c166fda7")
(helpful :ref "03756fa6ad4dcca5e0920622b1ee3f70abfc4e39")
(hide-mode-line :ref "ddd154f1e04d666cd004bf8212ead8684429350d")
(hl-todo :ref "862d903e7242f3cf90e05846aa52a4270851d496")
(imenu-list :ref "76f2335ee6f2f066d87fe4e4729219d70c9bc70d")
(kotlin-ts-mode :ref "051c9ef534956c235343fb41546623ff87a1695b")
(llama :ref "ec1d4ef02f5572fc5aff3f62d3e7ef791f444456")
(lsp-bridge :source nil :host github :repo "deirn/lsp-bridge" :ref "deirn" :unlock t :files (:defaults "*.el" "*.py" "acm" "core" "langserver" "multiserver" "resources") :build (:not elpaca--byte-compile))
(magit :ref "54e460a70156a8496217f3368c135c55b52e680c")
(magit-section :ref "54e460a70156a8496217f3368c135c55b52e680c")
(marginalia :ref "cb3a69c039cf3b4ab007a72f802fc5f4699e8120")
(markdown-mode :ref "d51c469133d220823cc6ab50ff8e8743ed6e42fb")
(mason :source nil :host github :repo "deirn/mason.el" :unlock t)
(minions :ref "7aeabcab964fefacb15a72d983953c53e238d344")
(nerd-icons :ref "3774e0578b1023bd2ae10735e28c0cd1ccf46889")
(nerd-icons-completion :ref "d7582d430283d8e085227a249f6c8b79199b1829")
(nerd-icons-corfu :ref "f821e953b1a3dc9b381bc53486aabf366bf11cb1")
(nerd-icons-ibuffer :ref "1b0b6dd3e2e89e6d120218ac11b7534e0b268f5b")
(nix-ts-mode :ref "d769e53ccc0f40026fd11c7e23bf419c2caf4732")
(orderless :ref "211ccb906b9444f7210106909b37c402d582731a")
(package-lint :ref "f990665a1b4ca9eadbfcdb0b2a22fbb819e78ef4")
(page-break-lines :ref "84b872a056404f11cacbf3fc2b0788aa7feac635")
(pcre2el :ref "b4d846d80dddb313042131cf2b8fbf647567e000")
(popon :ref "bf8174cb7e6e8fe0fe91afe6b01b6562c4dc39da")
(posframe :ref "12f540c9ad5da09673b2bca1132b41f94c134e82")
(rainbow-csv :source nil :host github :repo "emacs-vs/rainbow-csv" :ref "46a1acc8f981bfda254c88e7390f8c94837aead2")
(rainbow-delimiters :ref "f40ece58df8b2f0fb6c8576b527755a552a5e763")
(s :ref "dda84d38fffdaf0c9b12837b504b402af910d01d")
(shrink-path :ref "c14882c8599aec79a6e8ef2d06454254bb3e1e41")
(smartparens :ref "b629b4e893ba21ba5a381f6c0054bb72f8e96df2")
(solaire-mode :ref "c9334666bd208f3322e6118d30eba1b2438e2bb9")
(svelte-ts-mode :source nil :host github :repo "deirn/svelte-ts-mode" :ref "emacs-nightly")
(symbol-overlay :ref "6151f4279bd94b5960149596b202cdcb45cacec2")
(systemd :ref "8742607120fbc440821acbc351fda1e8e68a8806")
(transient :ref "44d3a0357c28705758b135b23f19052e20d8c824")
(treesit-auto :ref "016bd286a1ba4628f833a626f8b9d497882ecdf3")
(ultra-scroll :ref "8c92a17743af05fedc76beeb58da5eab48398035")
(undo-fu :ref "545e29459e71a9aca81c96c1385d43a5696e27e9")
(undo-fu-session :ref "e27a722e925cce0921e63e8cb1b049883fa8d3e1")
(vertico :ref "4a11453e9de3d92b566bf0aa032da96b5b2e6770")
(vi-tilde-fringe :ref "f1597a8d54535bb1d84b442577b2024e6f910308")
(visual-fill-column :ref "aeca29f8ce16b21dce9a989461e7fa445f6ecfd5")
(vterm :ref "056ad74653704bc353d8ec8ab52ac75267b7d373")
(wgrep :ref "49f09ab9b706d2312cab1199e1eeb1bcd3f27f6f")
(with-editor :ref "87a384a0e59260cca41ca8831d98e195b1ec8ada")
(writeroom-mode :ref "cca2b4b3cfcfea1919e1870519d79ed1a69aa5e2")
(yasnippet :ref "c1e6ff23e9af16b856c88dfaab9d3ad7b746ad37")
(yasnippet-snippets :ref "4f9f9e7b29822d66a34b7d5f1c19ed65cce1d8e1")
)
